
Microsoft Visual Studio Solution File, Format Version 12.00
# Visual Studio Version 17
VisualStudioVersion = 17.0.31903.59
MinimumVisualStudioVersion = 10.0.40219.1
Project("{2150E333-8FDC-42A3-9474-1A3956D46DE8}") = "src", "src", "{45721AA4-685E-40A1-982B-F773C3D23A0D}"
EndProject
Project("{FAE04EC0-301F-11D3-BF4B-00C04F79EFBC}") = "PathSpace.Contracts", "src\PathSpace.Contracts\PathSpace.Contracts.csproj", "{CE4BE865-BE35-4488-8A7C-6F85F5D6B89D}"
EndProject
Project("{2150E333-8FDC-42A3-9474-1A3956D46DE8}") = "tests", "tests", "{FA20CB57-125C-4EFB-A0CC-BECFD7741001}"
EndProject
Project("{FAE04EC0-301F-11D3-BF4B-00C04F79EFBC}") = "PathSpace.Contracts.Tests", "tests\PathSpace.Contracts.Tests\PathSpace.Contracts.Tests.csproj", "{5104FC01-DF42-44E1-AAAB-EB426E41E010}"
EndProject
Project("{FAE04EC0-301F-11D3-BF4B-00C04F79EFBC}") = "PathSpace.App", "src\PathSpace.App\PathSpace.App.csproj", "{6A1240E5-BB81-4DE7-964B-004C203594C6}"
EndProject
Project("{FAE04EC0-301F-11D3-BF4B-00C04F79EFBC}") = "PathSpace.App.Tests", "tests\PathSpace.App.Tests\PathSpace.App.Tests.csproj", "{4F534022-8793-48EB-BA38-F064DCEBAE09}"
EndProject
Project("{FAE04EC0-301F-11D3-BF4B-00C04F79EFBC}") = "PathSpace.Worker", "src\PathSpace.Worker\PathSpace.Worker.csproj", "{56F589FE-5C53-4186-8DC2-5D07C2E9C87B}"
EndProject
Project("{FAE04EC0-301F-11D3-BF4B-00C04F79EFBC}") = "PathSpace.Worker.Tests", "tests\PathSpace.Worker.Tests\PathSpace.Worker.Tests.csproj", "{9FC3A5C5-B377-4190-B856-DBCACD1C5204}"
EndProject
Global
	GlobalSection(SolutionConfigurationPlatforms) = preSolution
		Debug|Any CPU = Debug|Any CPU
		Release|Any CPU = Release|Any CPU
	EndGlobalSection
	GlobalSection(SolutionProperties) = preSolution
		HideSolutionNode = FALSE
	EndGlobalSection
	GlobalSection(ProjectConfigurationPlatforms) = postSolution
		{CE4BE865-BE35-4488-8A7C-6F85F5D6B89D}.Debug|Any CPU.ActiveCfg = Debug|Any CPU
		{CE4BE865-BE35-4488-8A7C-6F85F5D6B89D}.Debug|Any CPU.Build.0 = Debug|Any CPU
		{CE4BE865-BE35-4488-8A7C-6F85F5D6B89D}.Release|Any CPU.ActiveCfg = Release|Any CPU
		{CE4BE865-BE35-4488-8A7C-6F85F5D6B89D}.Release|Any CPU.Build.0 = Release|Any CPU
		{5104FC01-DF42-44E1-AAAB-EB426E41E010}.Debug|Any CPU.ActiveCfg = Debug|Any CPU
		{5104FC01-DF42-44E1-AAAB-EB426E41E010}.Debug|Any CPU.Build.0 = Debug|Any CPU
		{5104FC01-DF42-44E1-AAAB-EB426E41E010}.Release|Any CPU.ActiveCfg = Release|Any CPU
		{5104FC01-DF42-44E1-AAAB-EB426E41E010}.Release|Any CPU.Build.0 = Release|Any CPU
		{6A1240E5-BB81-4DE7-964B-004C203594C6}.Debug|Any CPU.ActiveCfg = Debug|Any CPU
		{6A1240E5-BB81-4DE7-964B-004C203594C6}.Debug|Any CPU.Build.0 = Debug|Any CPU
		{6A1240E5-BB81-4DE7-964B-004C203594C6}.Release|Any CPU.ActiveCfg = Release|Any CPU
		{6A1240E5-BB81-4DE7-964B-004C203594C6}.Release|Any CPU.Build.0 = Release|Any CPU
		{4F534022-8793-48EB-BA38-F064DCEBAE09}.Debug|Any CPU.ActiveCfg = Debug|Any CPU
		{4F534022-8793-48EB-BA38-F064DCEBAE09}.Debug|Any CPU.Build.0 = Debug|Any CPU
		{4F534022-8793-48EB-BA38-F064DCEBAE09}.Release|Any CPU.ActiveCfg = Release|Any CPU
		{4F534022-8793-48EB-BA38-F064DCEBAE09}.Release|Any CPU.Build.0 = Release|Any CPU
		{56F589FE-5C53-4186-8DC2-5D07C2E9C87B}.Debug|Any CPU.ActiveCfg = Debug|Any CPU
		{56F589FE-5C53-4186-8DC2-5D07C2E9C87B}.Debug|Any CPU.Build.0 = Debug|Any CPU
		{56F589FE-5C53-4186-8DC2-5D07C2E9C87B}.Release|Any CPU.ActiveCfg = Release|Any CPU
		{56F589FE-5C53-4186-8DC2-5D07C2E9C87B}.Release|Any CPU.Build.0 = Release|Any CPU
		{9FC3A5C5-B377-4190-B856-DBCACD1C5204}.Debug|Any CPU.ActiveCfg = Debug|Any CPU
		{9FC3A5C5-B377-4190-B856-DBCACD1C5204}.Debug|Any CPU.Build.0 = Debug|Any CPU
		{9FC3A5C5-B377-4190-B856-DBCACD1C5204}.Release|Any CPU.ActiveCfg = Release|Any CPU
		{9FC3A5C5-B377-4190-B856-DBCACD1C5204}.Release|Any CPU.Build.0 = Release|Any CPU
	EndGlobalSection
	GlobalSection(NestedProjects) = preSolution
		{CE4BE865-BE35-4488-8A7C-6F85F5D6B89D} = {45721AA4-685E-40A1-982B-F773C3D23A0D}
		{5104FC01-DF42-44E1-AAAB-EB426E41E010} = {FA20CB57-125C-4EFB-A0CC-BECFD7741001}
		{6A1240E5-BB81-4DE7-964B-004C203594C6} = {45721AA4-685E-40A1-982B-F773C3D23A0D}
		{4F534022-8793-48EB-BA38-F064DCEBAE09} = {FA20CB57-125C-4EFB-A0CC-BECFD7741001}
		{56F589FE-5C53-4186-8DC2-5D07C2E9C87B} = {45721AA4-685E-40A1-982B-F773C3D23A0D}
		{9FC3A5C5-B377-4190-B856-DBCACD1C5204} = {FA20CB57-125C-4EFB-A0CC-BECFD7741001}
	EndGlobalSection
EndGlobal
